{
  "name": "node-red-contrib-maxcube2",
  "version": "0.3.5",
  "lockfileVersion": 1,
  "requires": true,
  "dependencies": {
    "bluebird": {
      "version": "3.7.2",
      "resolved": "https://registry.npmjs.org/bluebird/-/bluebird-3.7.2.tgz",
      "integrity": "sha512-XpNj6GDQzdfW+r2Wnn7xiSAd7TM3jzkxGXBGTtWKuSXv1xUV+azxAm8jdWZN06QTQk+2N2XB9jRDkvbmQmcRtg=="
    },
    "maxcube2": {
      "version": "2.2.3",
      "resolved": "https://registry.npmjs.org/maxcube2/-/maxcube2-2.2.3.tgz",
      "integrity": "sha512-6Qjd0GRtgRwonbunFuHyOtMaRZWyM7BHH0qhE9U4im4td3C60YDdM9W7B+Dn2BJbZPFoRNgC1e8trfk4fAQOIg==",
      "requires": {
        "bluebird": "^3.3.4",
        "moment": "^2.17.1"
      }
    },
    "moment": {
      "version": "2.29.1",
      "resolved": "https://registry.npmjs.org/moment/-/moment-2.29.1.tgz",
      "integrity": "sha512-kHmoybcPV8Sqy59DwNDY3Jefr64lK/by/da0ViFcuA4DH0vQg5Q6Ze5VimxkfQNSC+Mls/Kx53s7TjP1RhFEDQ=="
    }
  }
}
